DEPENDENCIES
  bobby
    path: .
    metadata: true

GRAPH
  apache2 (7.1.0)
  apt (7.1.1)
  ark (4.0.0)
    build-essential (>= 0.0.0)
    seven_zip (>= 0.0.0)
  bobby (0.1.0)
    apache2 (>= 0.0.0)
    apt (>= 0.0.0)
    build-essential (>= 0.0.0)
    cacert (>= 0.0.0)
    docker (>= 0.0.0)
    java (>= 0.0.0)
    mariadb (>= 0.0.0)
    mysql (>= 0.0.0)
    nginx (>= 0.0.0)
    nodejs (>= 0.0.0)
    openssh (>= 0.0.0)
    openvpn (>= 0.0.0)
    php (>= 0.0.0)
    phpmyadmin (>= 0.0.0)
    rvm (>= 0.0.0)
    ssh (>= 0.0.0)
    sudo (>= 0.0.0)
    ufw (>= 0.0.0)
    users (>= 0.0.0)
  build-essential (8.2.1)
    mingw (>= 1.1)
    seven_zip (>= 0.0.0)
  cacert (0.5.0)
  chef-sugar (5.0.1)
  chef_gem (0.1.0)
  docker (4.9.2)
  firewall (2.7.0)
    chef-sugar (>= 0.0.0)
  homebrew (5.0.8)
  iptables (4.5.0)
  java (4.1.0)
    homebrew (>= 0.0.0)
    windows (>= 0.0.0)
  mariadb (2.1.0)
    selinux_policy (~> 2.0)
  mingw (2.1.0)
    seven_zip (>= 0.0.0)
  mysql (8.5.1)
  nginx (9.0.0)
    build-essential (>= 5.0)
    ohai (>= 4.1.0)
    yum-epel (>= 0.0.0)
  nodejs (6.0.0)
    ark (>= 2.0.2)
    build-essential (>= 5.0)
  ohai (5.2.5)
  openssh (2.8.0)
    iptables (>= 1.0)
  openvpn (4.0.0)
    sysctl (>= 1.0)
    yum-epel (>= 0.0.0)
  php (6.1.1)
    build-essential (>= 5.0)
    yum-epel (>= 0.0.0)
  phpmyadmin (1.0.10)
    php (>= 0.0.0)
  rvm (0.9.4)
    chef_gem (>= 0.0.0)
  selinux_policy (2.3.4)
  seven_zip (3.1.1)
    windows (>= 0.0.0)
  ssh (0.10.24)
  sudo (5.4.4)
  sysctl (1.0.5)
    ohai (>= 5.0)
  ufw (3.2.1)
    firewall (>= 2.0)
  users (5.4.0)
  windows (6.0.0)
  yum-epel (3.3.0)
